# yaml-language-server: $schema=../teams.schema.json
name: conda/conda-lock
description: Maintainers of conda-lock
charter: project
requirements:
scopes:
  codeowners:
    - conda/conda-lock
  other:
links:
  - https://github.com/conda/conda-lock/issues/319
members:
  ericdill:
  jezdez:
  marcelotrevisani:
  maresb:
  mariusvniekerk:
  ocefpaf:
emeritus:
